// !$*UTF8*$!
{
	archiveVersion = 1;
	classes = {
	};
	objectVersion = 70;
	objects = {

/* Begin PBXBuildFile section */
		326230AE286DADC900DFD545 /* CTWebviewVC.swift in Sources */ = {isa = PBXBuildFile; fileRef = 326230AD286DADC900DFD545 /* CTWebviewVC.swift */; };
		326230B0286DB66500DFD545 /* sampleHTMLCode.html in Resources */ = {isa = PBXBuildFile; fileRef = 326230AF286DB66500DFD545 /* sampleHTMLCode.html */; };
		495EA5722559156D006CADFF /* Utilities.swift in Sources */ = {isa = PBXBuildFile; fileRef = 495EA5712559156D006CADFF /* Utilities.swift */; };
		49F9E6942552CF9000EF2E5C /* AppDelegate.swift in Sources */ = {isa = PBXBuildFile; fileRef = 49F9E6932552CF9000EF2E5C /* AppDelegate.swift */; };
		49F9E6982552CF9000EF2E5C /* ViewController.swift in Sources */ = {isa = PBXBuildFile; fileRef = 49F9E6972552CF9000EF2E5C /* ViewController.swift */; };
		49F9E69B2552CF9000EF2E5C /* Main.storyboard in Resources */ = {isa = PBXBuildFile; fileRef = 49F9E6992552CF9000EF2E5C /* Main.storyboard */; };
		49F9E69D2552CF9000EF2E5C /* Assets.xcassets in Resources */ = {isa = PBXBuildFile; fileRef = 49F9E69C2552CF9000EF2E5C /* Assets.xcassets */; };
		49F9E6A02552CF9000EF2E5C /* LaunchScreen.storyboard in Resources */ = {isa = PBXBuildFile; fileRef = 49F9E69E2552CF9000EF2E5C /* LaunchScreen.storyboard */; };
		57CF65B12E3B61620076552A /* CleverTapSDK in Frameworks */ = {isa = PBXBuildFile; productRef = 57CF65B02E3B61620076552A /* CleverTapSDK */; };
		57CF65B32E3B61620076552A /* CleverTapWatchOS in Frameworks */ = {isa = PBXBuildFile; productRef = 57CF65B22E3B61620076552A /* CleverTapWatchOS */; };
/* End PBXBuildFile section */

/* Begin PBXCopyFilesBuildPhase section */
		5721061C2E3144B9006B13FA /* Embed Watch Content */ = {
			isa = PBXCopyFilesBuildPhase;
			buildActionMask = 2147483647;
			dstPath = "$(CONTENTS_FOLDER_PATH)/Watch";
			dstSubfolderSpec = 16;
			files = (
			);
			name = "Embed Watch Content";
			runOnlyForDeploymentPostprocessing = 0;
		};
/* End PBXCopyFilesBuildPhase section */

/* Begin PBXFileReference section */
		326230AD286DADC900DFD545 /* CTWebviewVC.swift */ = {isa = PBXFileReference; lastKnownFileType = sourcecode.swift; path = CTWebviewVC.swift; sourceTree = "<group>"; };
		326230AF286DB66500DFD545 /* sampleHTMLCode.html */ = {isa = PBXFileReference; fileEncoding = 4; lastKnownFileType = text.html; path = sampleHTMLCode.html; sourceTree = "<group>"; };
		495EA54B2556E3C8006CADFF /* SPMStarter.entitlements */ = {isa = PBXFileReference; lastKnownFileType = text.plist.entitlements; path = SPMStarter.entitlements; sourceTree = "<group>"; };
		495EA5712559156D006CADFF /* Utilities.swift */ = {isa = PBXFileReference; lastKnownFileType = sourcecode.swift; path = Utilities.swift; sourceTree = "<group>"; };
		49F9E6902552CF9000EF2E5C /* SPMStarter.app */ = {isa = PBXFileReference; explicitFileType = wrapper.application; includeInIndex = 0; path = SPMStarter.app; sourceTree = BUILT_PRODUCTS_DIR; };
		49F9E6932552CF9000EF2E5C /* AppDelegate.swift */ = {isa = PBXFileReference; lastKnownFileType = sourcecode.swift; path = AppDelegate.swift; sourceTree = "<group>"; };
		49F9E6972552CF9000EF2E5C /* ViewController.swift */ = {isa = PBXFileReference; lastKnownFileType = sourcecode.swift; path = ViewController.swift; sourceTree = "<group>"; };
		49F9E69A2552CF9000EF2E5C /* Base */ = {isa = PBXFileReference; lastKnownFileType = file.storyboard; name = Base; path = Base.lproj/Main.storyboard; sourceTree = "<group>"; };
		49F9E69C2552CF9000EF2E5C /* Assets.xcassets */ = {isa = PBXFileReference; lastKnownFileType = folder.assetcatalog; path = Assets.xcassets; sourceTree = "<group>"; };
		49F9E69F2552CF9000EF2E5C /* Base */ = {isa = PBXFileReference; lastKnownFileType = file.storyboard; name = Base; path = Base.lproj/LaunchScreen.storyboard; sourceTree = "<group>"; };
		49F9E6A12552CF9000EF2E5C /* Info.plist */ = {isa = PBXFileReference; lastKnownFileType = text.plist.xml; path = Info.plist; sourceTree = "<group>"; };
		5721066C2E315072006B13FA /* SPMStarter Watch App.app */ = {isa = PBXFileReference; explicitFileType = wrapper.application; includeInIndex = 0; path = "SPMStarter Watch App.app"; sourceTree = BUILT_PRODUCTS_DIR; };
/* End PBXFileReference section */

/* Begin PBXFileSystemSynchronizedRootGroup section */
		5721066D2E315072006B13FA /* SPMStarter Watch App */ = {isa = PBXFileSystemSynchronizedRootGroup; explicitFileTypes = {}; explicitFolders = (); path = "SPMStarter Watch App"; sourceTree = "<group>"; };
/* End PBXFileSystemSynchronizedRootGroup section */

/* Begin PBXFrameworksBuildPhase section */
		49F9E68D2552CF9000EF2E5C /* Frameworks */ = {
			isa = PBXFrameworksBuildPhase;
			buildActionMask = 2147483647;
			files = (
				57CF65B12E3B61620076552A /* CleverTapSDK in Frameworks */,
			);
			runOnlyForDeploymentPostprocessing = 0;
		};
		572106692E315072006B13FA /* Frameworks */ = {
			isa = PBXFrameworksBuildPhase;
			buildActionMask = 2147483647;
			files = (
				57CF65B32E3B61620076552A /* CleverTapWatchOS in Frameworks */,
			);
			runOnlyForDeploymentPostprocessing = 0;
		};
/* End PBXFrameworksBuildPhase section */

/* Begin PBXGroup section */
		49F9E6872552CF9000EF2E5C = {
			isa = PBXGroup;
			children = (
				49F9E6922552CF9000EF2E5C /* SPMStarter */,
				5721066D2E315072006B13FA /* SPMStarter Watch App */,
				572106582E314614006B13FA /* Frameworks */,
				49F9E6912552CF9000EF2E5C /* Products */,
			);
			sourceTree = "<group>";
		};
		49F9E6912552CF9000EF2E5C /* Products */ = {
			isa = PBXGroup;
			children = (
				49F9E6902552CF9000EF2E5C /* SPMStarter.app */,
				5721066C2E315072006B13FA /* SPMStarter Watch App.app */,
			);
			name = Products;
			sourceTree = "<group>";
		};
		49F9E6922552CF9000EF2E5C /* SPMStarter */ = {
			isa = PBXGroup;
			children = (
				326230AF286DB66500DFD545 /* sampleHTMLCode.html */,
				495EA54B2556E3C8006CADFF /* SPMStarter.entitlements */,
				49F9E6932552CF9000EF2E5C /* AppDelegate.swift */,
				495EA5712559156D006CADFF /* Utilities.swift */,
				49F9E6972552CF9000EF2E5C /* ViewController.swift */,
				49F9E6992552CF9000EF2E5C /* Main.storyboard */,
				49F9E69C2552CF9000EF2E5C /* Assets.xcassets */,
				49F9E69E2552CF9000EF2E5C /* LaunchScreen.storyboard */,
				49F9E6A12552CF9000EF2E5C /* Info.plist */,
				326230AD286DADC900DFD545 /* CTWebviewVC.swift */,
			);
			path = SPMStarter;
			sourceTree = "<group>";
		};
		572106582E314614006B13FA /* Frameworks */ = {
			isa = PBXGroup;
			children = (
			);
			name = Frameworks;
			sourceTree = "<group>";
		};
/* End PBXGroup section */

/* Begin PBXNativeTarget section */
		49F9E68F2552CF9000EF2E5C /* SPMStarter */ = {
			isa = PBXNativeTarget;
			buildConfigurationList = 49F9E6A42552CF9000EF2E5C /* Build configuration list for PBXNativeTarget "SPMStarter" */;
			buildPhases = (
				49F9E68C2552CF9000EF2E5C /* Sources */,
				49F9E68D2552CF9000EF2E5C /* Frameworks */,
				49F9E68E2552CF9000EF2E5C /* Resources */,
				5721061C2E3144B9006B13FA /* Embed Watch Content */,
			);
			buildRules = (
			);
			dependencies = (
			);
			name = SPMStarter;
			packageProductDependencies = (
				57CF65B02E3B61620076552A /* CleverTapSDK */,
			);
			productName = SPMStarter;
			productReference = 49F9E6902552CF9000EF2E5C /* SPMStarter.app */;
			productType = "com.apple.product-type.application";
		};
		5721066B2E315072006B13FA /* SPMStarter Watch App */ = {
			isa = PBXNativeTarget;
			buildConfigurationList = 572106772E315073006B13FA /* Build configuration list for PBXNativeTarget "SPMStarter Watch App" */;
			buildPhases = (
				572106682E315072006B13FA /* Sources */,
				572106692E315072006B13FA /* Frameworks */,
				5721066A2E315072006B13FA /* Resources */,
			);
			buildRules = (
			);
			dependencies = (
			);
			fileSystemSynchronizedGroups = (
				5721066D2E315072006B13FA /* SPMStarter Watch App */,
			);
			name = "SPMStarter Watch App";
			packageProductDependencies = (
				57CF65B22E3B61620076552A /* CleverTapWatchOS */,
			);
			productName = "SPMStarter Watch App";
			productReference = 5721066C2E315072006B13FA /* SPMStarter Watch App.app */;
			productType = "com.apple.product-type.application";
		};
/* End PBXNativeTarget section */

/* Begin PBXProject section */
		49F9E6882552CF9000EF2E5C /* Project object */ = {
			isa = PBXProject;
			attributes = {
				LastSwiftUpdateCheck = 1620;
				LastUpgradeCheck = 1210;
				ORGANIZATIONNAME = CleverTap;
				TargetAttributes = {
					49F9E68F2552CF9000EF2E5C = {
						CreatedOnToolsVersion = 12.1;
					};
					5721066B2E315072006B13FA = {
						CreatedOnToolsVersion = 16.2;
					};
				};
			};
			buildConfigurationList = 49F9E68B2552CF9000EF2E5C /* Build configuration list for PBXProject "SPMStarter" */;
			compatibilityVersion = "Xcode 10.0";
			developmentRegion = en;
			hasScannedForEncodings = 0;
			knownRegions = (
				en,
				Base,
			);
			mainGroup = 49F9E6872552CF9000EF2E5C;
			packageReferences = (
				57CF65AF2E3B61620076552A /* XCRemoteSwiftPackageReference "clevertap-ios-sdk" */,
			);
			productRefGroup = 49F9E6912552CF9000EF2E5C /* Products */;
			projectDirPath = "";
			projectRoot = "";
			targets = (
				49F9E68F2552CF9000EF2E5C /* SPMStarter */,
				5721066B2E315072006B13FA /* SPMStarter Watch App */,
			);
		};
/* End PBXProject section */

/* Begin PBXResourcesBuildPhase section */
		49F9E68E2552CF9000EF2E5C /* Resources */ = {
			isa = PBXResourcesBuildPhase;
			buildActionMask = 2147483647;
			files = (
				326230B0286DB66500DFD545 /* sampleHTMLCode.html in Resources */,
				49F9E6A02552CF9000EF2E5C /* LaunchScreen.storyboard in Resources */,
				49F9E69D2552CF9000EF2E5C /* Assets.xcassets in Resources */,
				49F9E69B2552CF9000EF2E5C /* Main.storyboard in Resources */,
			);
			runOnlyForDeploymentPostprocessing = 0;
		};
		5721066A2E315072006B13FA /* Resources */ = {
			isa = PBXResourcesBuildPhase;
			buildActionMask = 2147483647;
			files = (
			);
			runOnlyForDeploymentPostprocessing = 0;
		};
/* End PBXResourcesBuildPhase section */

/* Begin PBXSourcesBuildPhase section */
		49F9E68C2552CF9000EF2E5C /* Sources */ = {
			isa = PBXSourcesBuildPhase;
			buildActionMask = 2147483647;
			files = (
				495EA5722559156D006CADFF /* Utilities.swift in Sources */,
				326230AE286DADC900DFD545 /* CTWebviewVC.swift in Sources */,
				49F9E6982552CF9000EF2E5C /* ViewController.swift in Sources */,
				49F9E6942552CF9000EF2E5C /* AppDelegate.swift in Sources */,
			);
			runOnlyForDeploymentPostprocessing = 0;
		};
		572106682E315072006B13FA /* Sources */ = {
			isa = PBXSourcesBuildPhase;
			buildActionMask = 2147483647;
			files = (
			);
			runOnlyForDeploymentPostprocessing = 0;
		};
/* End PBXSourcesBuildPhase section */

/* Begin PBXVariantGroup section */
		49F9E6992552CF9000EF2E5C /* Main.storyboard */ = {
			isa = PBXVariantGroup;
			children = (
				49F9E69A2552CF9000EF2E5C /* Base */,
			);
			name = Main.storyboard;
			sourceTree = "<group>";
		};
		49F9E69E2552CF9000EF2E5C /* LaunchScreen.storyboard */ = {
			isa = PBXVariantGroup;
			children = (
				49F9E69F2552CF9000EF2E5C /* Base */,
			);
			name = LaunchScreen.storyboard;
			sourceTree = "<group>";
		};
/* End PBXVariantGroup section */

/* Begin XCBuildConfiguration section */
		49F9E6A22552CF9000EF2E5C /* Debug */ = {
			isa = XCBuildConfiguration;
			buildSettings = {
				ALWAYS_SEARCH_USER_PATHS = NO;
				CLANG_ANALYZER_NONNULL = YES;
				CLANG_ANALYZER_NUMBER_OBJECT_CONVERSION = YES_AGGRESSIVE;
				CLANG_CXX_LANGUAGE_STANDARD = "gnu++14";
				CLANG_CXX_LIBRARY = "libc++";
				CLANG_ENABLE_MODULES = YES;
				CLANG_ENABLE_OBJC_ARC = YES;
				CLANG_ENABLE_OBJC_WEAK = YES;
				CLANG_WARN_BLOCK_CAPTURE_AUTORELEASING = YES;
				CLANG_WARN_BOOL_CONVERSION = YES;
				CLANG_WARN_COMMA = YES;
				CLANG_WARN_CONSTANT_CONVERSION = YES;
				CLANG_WARN_DEPRECATED_OBJC_IMPLEMENTATIONS = YES;
				CLANG_WARN_DIRECT_OBJC_ISA_USAGE = YES_ERROR;
				CLANG_WARN_DOCUMENTATION_COMMENTS = YES;
				CLANG_WARN_EMPTY_BODY = YES;
				CLANG_WARN_ENUM_CONVERSION = YES;
				CLANG_WARN_INFINITE_RECURSION = YES;
				CLANG_WARN_INT_CONVERSION = YES;
				CLANG_WARN_NON_LITERAL_NULL_CONVERSION = YES;
				CLANG_WARN_OBJC_IMPLICIT_RETAIN_SELF = YES;
				CLANG_WARN_OBJC_LITERAL_CONVERSION = YES;
				CLANG_WARN_OBJC_ROOT_CLASS = YES_ERROR;
				CLANG_WARN_QUOTED_INCLUDE_IN_FRAMEWORK_HEADER = YES;
				CLANG_WARN_RANGE_LOOP_ANALYSIS = YES;
				CLANG_WARN_STRICT_PROTOTYPES = YES;
				CLANG_WARN_SUSPICIOUS_MOVE = YES;
				CLANG_WARN_UNGUARDED_AVAILABILITY = YES_AGGRESSIVE;
				CLANG_WARN_UNREACHABLE_CODE = YES;
				CLANG_WARN__DUPLICATE_METHOD_MATCH = YES;
				COPY_PHASE_STRIP = NO;
				DEBUG_INFORMATION_FORMAT = dwarf;
				ENABLE_STRICT_OBJC_MSGSEND = YES;
				ENABLE_TESTABILITY = YES;
				GCC_C_LANGUAGE_STANDARD = gnu11;
				GCC_DYNAMIC_NO_PIC = NO;
				GCC_NO_COMMON_BLOCKS = YES;
				GCC_OPTIMIZATION_LEVEL = 0;
				GCC_PREPROCESSOR_DEFINITIONS = (
					"DEBUG=1",
					"$(inherited)",
				);
				GCC_WARN_64_TO_32_BIT_CONVERSION = YES;
				GCC_WARN_ABOUT_RETURN_TYPE = YES_ERROR;
				GCC_WARN_UNDECLARED_SELECTOR = YES;
				GCC_WARN_UNINITIALIZED_AUTOS = YES_AGGRESSIVE;
				GCC_WARN_UNUSED_FUNCTION = YES;
				GCC_WARN_UNUSED_VARIABLE = YES;
				IPHONEOS_DEPLOYMENT_TARGET = 13.0;
				MTL_ENABLE_DEBUG_INFO = INCLUDE_SOURCE;
				MTL_FAST_MATH = YES;
				ONLY_ACTIVE_ARCH = YES;
				SDKROOT = iphoneos;
				SWIFT_ACTIVE_COMPILATION_CONDITIONS = DEBUG;
				SWIFT_OPTIMIZATION_LEVEL = "-Onone";
			};
			name = Debug;
		};
		49F9E6A32552CF9000EF2E5C /* Release */ = {
			isa = XCBuildConfiguration;
			buildSettings = {
				ALWAYS_SEARCH_USER_PATHS = NO;
				CLANG_ANALYZER_NONNULL = YES;
				CLANG_ANALYZER_NUMBER_OBJECT_CONVERSION = YES_AGGRESSIVE;
				CLANG_CXX_LANGUAGE_STANDARD = "gnu++14";
				CLANG_CXX_LIBRARY = "libc++";
				CLANG_ENABLE_MODULES = YES;
				CLANG_ENABLE_OBJC_ARC = YES;
				CLANG_ENABLE_OBJC_WEAK = YES;
				CLANG_WARN_BLOCK_CAPTURE_AUTORELEASING = YES;
				CLANG_WARN_BOOL_CONVERSION = YES;
				CLANG_WARN_COMMA = YES;
				CLANG_WARN_CONSTANT_CONVERSION = YES;
				CLANG_WARN_DEPRECATED_OBJC_IMPLEMENTATIONS = YES;
				CLANG_WARN_DIRECT_OBJC_ISA_USAGE = YES_ERROR;
				CLANG_WARN_DOCUMENTATION_COMMENTS = YES;
				CLANG_WARN_EMPTY_BODY = YES;
				CLANG_WARN_ENUM_CONVERSION = YES;
				CLANG_WARN_INFINITE_RECURSION = YES;
				CLANG_WARN_INT_CONVERSION = YES;
				CLANG_WARN_NON_LITERAL_NULL_CONVERSION = YES;
				CLANG_WARN_OBJC_IMPLICIT_RETAIN_SELF = YES;
				CLANG_WARN_OBJC_LITERAL_CONVERSION = YES;
				CLANG_WARN_OBJC_ROOT_CLASS = YES_ERROR;
				CLANG_WARN_QUOTED_INCLUDE_IN_FRAMEWORK_HEADER = YES;
				CLANG_WARN_RANGE_LOOP_ANALYSIS = YES;
				CLANG_WARN_STRICT_PROTOTYPES = YES;
				CLANG_WARN_SUSPICIOUS_MOVE = YES;
				CLANG_WARN_UNGUARDED_AVAILABILITY = YES_AGGRESSIVE;
				CLANG_WARN_UNREACHABLE_CODE = YES;
				CLANG_WARN__DUPLICATE_METHOD_MATCH = YES;
				COPY_PHASE_STRIP = NO;
				DEBUG_INFORMATION_FORMAT = "dwarf-with-dsym";
				ENABLE_NS_ASSERTIONS = NO;
				ENABLE_STRICT_OBJC_MSGSEND = YES;
				GCC_C_LANGUAGE_STANDARD = gnu11;
				GCC_NO_COMMON_BLOCKS = YES;
				GCC_WARN_64_TO_32_BIT_CONVERSION = YES;
				GCC_WARN_ABOUT_RETURN_TYPE = YES_ERROR;
				GCC_WARN_UNDECLARED_SELECTOR = YES;
				GCC_WARN_UNINITIALIZED_AUTOS = YES_AGGRESSIVE;
				GCC_WARN_UNUSED_FUNCTION = YES;
				GCC_WARN_UNUSED_VARIABLE = YES;
				IPHONEOS_DEPLOYMENT_TARGET = 13.0;
				MTL_ENABLE_DEBUG_INFO = NO;
				MTL_FAST_MATH = YES;
				SDKROOT = iphoneos;
				SWIFT_COMPILATION_MODE = wholemodule;
				SWIFT_OPTIMIZATION_LEVEL = "-O";
				VALIDATE_PRODUCT = YES;
			};
			name = Release;
		};
		49F9E6A52552CF9000EF2E5C /* Debug */ = {
			isa = XCBuildConfiguration;
			buildSettings = {
				ASSETCATALOG_COMPILER_APPICON_NAME = AppIcon;
				ASSETCATALOG_COMPILER_GLOBAL_ACCENT_COLOR_NAME = AccentColor;
				CODE_SIGN_ENTITLEMENTS = SPMStarter/SPMStarter.entitlements;
				CODE_SIGN_STYLE = Automatic;
				DEVELOPMENT_TEAM = A5J34NR598;
				INFOPLIST_FILE = SPMStarter/Info.plist;
				IPHONEOS_DEPLOYMENT_TARGET = 13.0;
				LD_RUNPATH_SEARCH_PATHS = (
					"$(inherited)",
					"@executable_path/Frameworks",
				);
				PRODUCT_BUNDLE_IDENTIFIER = com.clevertap.SPMStarter;
				PRODUCT_NAME = "$(TARGET_NAME)";
				SWIFT_VERSION = 5.0;
				TARGETED_DEVICE_FAMILY = "1,2";
			};
			name = Debug;
		};
		49F9E6A62552CF9000EF2E5C /* Release */ = {
			isa = XCBuildConfiguration;
			buildSettings = {
				ASSETCATALOG_COMPILER_APPICON_NAME = AppIcon;
				ASSETCATALOG_COMPILER_GLOBAL_ACCENT_COLOR_NAME = AccentColor;
				CODE_SIGN_ENTITLEMENTS = SPMStarter/SPMStarter.entitlements;
				CODE_SIGN_STYLE = Automatic;
				DEVELOPMENT_TEAM = A5J34NR598;
				INFOPLIST_FILE = SPMStarter/Info.plist;
				IPHONEOS_DEPLOYMENT_TARGET = 13.0;
				LD_RUNPATH_SEARCH_PATHS = (
					"$(inherited)",
					"@executable_path/Frameworks",
				);
				PRODUCT_BUNDLE_IDENTIFIER = com.clevertap.SPMStarter;
				PRODUCT_NAME = "$(TARGET_NAME)";
				SWIFT_VERSION = 5.0;
				TARGETED_DEVICE_FAMILY = "1,2";
			};
			name = Release;
		};
		572106782E315073006B13FA /* Debug */ = {
			isa = XCBuildConfiguration;
			buildSettings = {
				ASSETCATALOG_COMPILER_APPICON_NAME = AppIcon;
				ASSETCATALOG_COMPILER_GENERATE_SWIFT_ASSET_SYMBOL_EXTENSIONS = YES;
				ASSETCATALOG_COMPILER_GLOBAL_ACCENT_COLOR_NAME = AccentColor;
				CLANG_CXX_LANGUAGE_STANDARD = "gnu++20";
				CODE_SIGN_STYLE = Automatic;
				CURRENT_PROJECT_VERSION = 1;
				DEVELOPMENT_ASSET_PATHS = "\"SPMStarter Watch App/Preview Content\"";
				DEVELOPMENT_TEAM = A5J34NR598;
				ENABLE_PREVIEWS = YES;
				ENABLE_USER_SCRIPT_SANDBOXING = YES;
				GCC_C_LANGUAGE_STANDARD = gnu17;
				GENERATE_INFOPLIST_FILE = YES;
				INFOPLIST_KEY_CFBundleDisplayName = SPMStarter;
				INFOPLIST_KEY_UISupportedInterfaceOrientations = "UIInterfaceOrientationPortrait UIInterfaceOrientationPortraitUpsideDown";
				INFOPLIST_KEY_WKCompanionAppBundleIdentifier = com.clevertap.SPMStarter;
				LD_RUNPATH_SEARCH_PATHS = (
					"$(inherited)",
					"@executable_path/Frameworks",
				);
				LOCALIZATION_PREFERS_STRING_CATALOGS = YES;
				MARKETING_VERSION = 1.0;
				PRODUCT_BUNDLE_IDENTIFIER = com.clevertap.SPMStarter.watchkitapp;
				PRODUCT_NAME = "$(TARGET_NAME)";
				SDKROOT = watchos;
				SKIP_INSTALL = YES;
				SWIFT_ACTIVE_COMPILATION_CONDITIONS = "DEBUG $(inherited)";
				SWIFT_EMIT_LOC_STRINGS = YES;
				SWIFT_VERSION = 5.0;
				TARGETED_DEVICE_FAMILY = 4;
				WATCHOS_DEPLOYMENT_TARGET = 11.2;
			};
			name = Debug;
		};
		572106792E315073006B13FA /* Release */ = {
			isa = XCBuildConfiguration;
			buildSettings = {
				ASSETCATALOG_COMPILER_APPICON_NAME = AppIcon;
				ASSETCATALOG_COMPILER_GENERATE_SWIFT_ASSET_SYMBOL_EXTENSIONS = YES;
				ASSETCATALOG_COMPILER_GLOBAL_ACCENT_COLOR_NAME = AccentColor;
				CLANG_CXX_LANGUAGE_STANDARD = "gnu++20";
				CODE_SIGN_STYLE = Automatic;
				CURRENT_PROJECT_VERSION = 1;
				DEVELOPMENT_ASSET_PATHS = "\"SPMStarter Watch App/Preview Content\"";
				DEVELOPMENT_TEAM = A5J34NR598;
				ENABLE_PREVIEWS = YES;
				ENABLE_USER_SCRIPT_SANDBOXING = YES;
				GCC_C_LANGUAGE_STANDARD = gnu17;
				GENERATE_INFOPLIST_FILE = YES;
				INFOPLIST_KEY_CFBundleDisplayName = SPMStarter;
				INFOPLIST_KEY_UISupportedInterfaceOrientations = "UIInterfaceOrientationPortrait UIInterfaceOrientationPortraitUpsideDown";
				INFOPLIST_KEY_WKCompanionAppBundleIdentifier = com.clevertap.SPMStarter;
				LD_RUNPATH_SEARCH_PATHS = (
					"$(inherited)",
					"@executable_path/Frameworks",
				);
				LOCALIZATION_PREFERS_STRING_CATALOGS = YES;
				MARKETING_VERSION = 1.0;
				PRODUCT_BUNDLE_IDENTIFIER = com.clevertap.SPMStarter.watchkitapp;
				PRODUCT_NAME = "$(TARGET_NAME)";
				SDKROOT = watchos;
				SKIP_INSTALL = YES;
				SWIFT_EMIT_LOC_STRINGS = YES;
				SWIFT_VERSION = 5.0;
				TARGETED_DEVICE_FAMILY = 4;
				WATCHOS_DEPLOYMENT_TARGET = 11.2;
			};
			name = Release;
		};
/* End XCBuildConfiguration section */

/* Begin XCConfigurationList section */
		49F9E68B2552CF9000EF2E5C /* Build configuration list for PBXProject "SPMStarter" */ = {
			isa = XCConfigurationList;
			buildConfigurations = (
				49F9E6A22552CF9000EF2E5C /* Debug */,
				49F9E6A32552CF9000EF2E5C /* Release */,
			);
			defaultConfigurationIsVisible = 0;
			defaultConfigurationName = Release;
		};
		49F9E6A42552CF9000EF2E5C /* Build configuration list for PBXNativeTarget "SPMStarter" */ = {
			isa = XCConfigurationList;
			buildConfigurations = (
				49F9E6A52552CF9000EF2E5C /* Debug */,
				49F9E6A62552CF9000EF2E5C /* Release */,
			);
			defaultConfigurationIsVisible = 0;
			defaultConfigurationName = Release;
		};
		572106772E315073006B13FA /* Build configuration list for PBXNativeTarget "SPMStarter Watch App" */ = {
			isa = XCConfigurationList;
			buildConfigurations = (
				572106782E315073006B13FA /* Debug */,
				572106792E315073006B13FA /* Release */,
			);
			defaultConfigurationIsVisible = 0;
			defaultConfigurationName = Release;
		};
/* End XCConfigurationList section */

/* Begin XCRemoteSwiftPackageReference section */
		57CF65AF2E3B61620076552A /* XCRemoteSwiftPackageReference "clevertap-ios-sdk" */ = {
			isa = XCRemoteSwiftPackageReference;
			repositoryURL = "https://github.com/CleverTap/clevertap-ios-sdk";
			requirement = {
				branch = "task/SDK-5037/watchOS_spm";
				kind = branch;
			};
		};
/* End XCRemoteSwiftPackageReference section */

/* Begin XCSwiftPackageProductDependency section */
		57CF65B02E3B61620076552A /* CleverTapSDK */ = {
			isa = XCSwiftPackageProductDependency;
			package = 57CF65AF2E3B61620076552A /* XCRemoteSwiftPackageReference "clevertap-ios-sdk" */;
			productName = CleverTapSDK;
		};
		57CF65B22E3B61620076552A /* CleverTapWatchOS */ = {
			isa = XCSwiftPackageProductDependency;
			package = 57CF65AF2E3B61620076552A /* XCRemoteSwiftPackageReference "clevertap-ios-sdk" */;
			productName = CleverTapWatchOS;
		};
/* End XCSwiftPackageProductDependency section */
	};
	rootObject = 49F9E6882552CF9000EF2E5C /* Project object */;
}
