// !$*UTF8*$!
{
	archiveVersion = 1;
	classes = {
	};
	objectVersion = 46;
	objects = {

/* Begin PBXBuildFile section */
		5203C64E1C1F2DDC000B9BC7 /* CoreTelephony.framework in Frameworks */ = {isa = PBXBuildFile; fileRef = 5203C64D1C1F2DDC000B9BC7 /* CoreTelephony.framework */; };
		5203C6501C1FAD49000B9BC7 /* Security.framework in Frameworks */ = {isa = PBXBuildFile; fileRef = 5203C64F1C1FAD49000B9BC7 /* Security.framework */; };
		5203C65E1C1FB61A000B9BC7 /* AppDelegate.swift in Sources */ = {isa = PBXBuildFile; fileRef = 5203C65A1C1FB61A000B9BC7 /* AppDelegate.swift */; };
		5203C6601C1FB61A000B9BC7 /* ViewController.swift in Sources */ = {isa = PBXBuildFile; fileRef = 5203C65C1C1FB61A000B9BC7 /* ViewController.swift */; };
		5203C6621C1FB62F000B9BC7 /* Assets.xcassets in Resources */ = {isa = PBXBuildFile; fileRef = 5203C6611C1FB62F000B9BC7 /* Assets.xcassets */; };
		5203C6671C1FB6CB000B9BC7 /* Main.storyboard in Resources */ = {isa = PBXBuildFile; fileRef = 5203C6631C1FB6CB000B9BC7 /* Main.storyboard */; };
		5203C6681C1FB6CB000B9BC7 /* LaunchScreen.storyboard in Resources */ = {isa = PBXBuildFile; fileRef = 5203C6651C1FB6CB000B9BC7 /* LaunchScreen.storyboard */; };
		521469AA1C405D1B00B9EF40 /* CoreLocation.framework in Frameworks */ = {isa = PBXBuildFile; fileRef = 521469A91C405D1B00B9EF40 /* CoreLocation.framework */; };
		52E77A951C1FB9140034EAFB /* CleverTapSDK.framework in Frameworks */ = {isa = PBXBuildFile; fileRef = 52E77A941C1FB9140034EAFB /* CleverTapSDK.framework */; };
		52E77A971C1FBA6B0034EAFB /* SystemConfiguration.framework in Frameworks */ = {isa = PBXBuildFile; fileRef = 52E77A961C1FBA6B0034EAFB /* SystemConfiguration.framework */; };
/* End PBXBuildFile section */

/* Begin PBXFileReference section */
		5203C6331C1F26EA000B9BC7 /* swiftstarter.app */ = {isa = PBXFileReference; explicitFileType = wrapper.application; includeInIndex = 0; path = swiftstarter.app; sourceTree = BUILT_PRODUCTS_DIR; };
		5203C64D1C1F2DDC000B9BC7 /* CoreTelephony.framework */ = {isa = PBXFileReference; lastKnownFileType = wrapper.framework; name = CoreTelephony.framework; path = System/Library/Frameworks/CoreTelephony.framework; sourceTree = SDKROOT; };
		5203C64F1C1FAD49000B9BC7 /* Security.framework */ = {isa = PBXFileReference; lastKnownFileType = wrapper.framework; name = Security.framework; path = System/Library/Frameworks/Security.framework; sourceTree = SDKROOT; };
		5203C65A1C1FB61A000B9BC7 /* AppDelegate.swift */ = {isa = PBXFileReference; fileEncoding = 4; lastKnownFileType = sourcecode.swift; name = AppDelegate.swift; path = swiftstarter/AppDelegate.swift; sourceTree = SOURCE_ROOT; };
		5203C65B1C1FB61A000B9BC7 /* Info.plist */ = {isa = PBXFileReference; fileEncoding = 4; lastKnownFileType = text.plist.xml; name = Info.plist; path = swiftstarter/Info.plist; sourceTree = SOURCE_ROOT; };
		5203C65C1C1FB61A000B9BC7 /* ViewController.swift */ = {isa = PBXFileReference; fileEncoding = 4; lastKnownFileType = sourcecode.swift; name = ViewController.swift; path = swiftstarter/ViewController.swift; sourceTree = SOURCE_ROOT; };
		5203C6611C1FB62F000B9BC7 /* Assets.xcassets */ = {isa = PBXFileReference; lastKnownFileType = folder.assetcatalog; name = Assets.xcassets; path = swiftstarter/Assets.xcassets; sourceTree = SOURCE_ROOT; };
		5203C6641C1FB6CB000B9BC7 /* Base */ = {isa = PBXFileReference; lastKnownFileType = file.storyboard; name = Base; path = swiftstarter/Base.lproj/Main.storyboard; sourceTree = SOURCE_ROOT; };
		5203C6661C1FB6CB000B9BC7 /* Base */ = {isa = PBXFileReference; lastKnownFileType = file.storyboard; name = Base; path = swiftstarter/Base.lproj/LaunchScreen.storyboard; sourceTree = SOURCE_ROOT; };
		521469A91C405D1B00B9EF40 /* CoreLocation.framework */ = {isa = PBXFileReference; lastKnownFileType = wrapper.framework; name = CoreLocation.framework; path = System/Library/Frameworks/CoreLocation.framework; sourceTree = SDKROOT; };
		52E77A931C1FB9140034EAFB /* CleverTapSDK-Bridging-Header.h */ = {isa = PBXFileReference; fileEncoding = 4; lastKnownFileType = sourcecode.c.h; path = "CleverTapSDK-Bridging-Header.h"; sourceTree = SOURCE_ROOT; };
		52E77A941C1FB9140034EAFB /* CleverTapSDK.framework */ = {isa = PBXFileReference; lastKnownFileType = wrapper.framework; path = CleverTapSDK.framework; sourceTree = SOURCE_ROOT; };
		52E77A961C1FBA6B0034EAFB /* SystemConfiguration.framework */ = {isa = PBXFileReference; lastKnownFileType = wrapper.framework; name = SystemConfiguration.framework; path = System/Library/Frameworks/SystemConfiguration.framework; sourceTree = SDKROOT; };
/* End PBXFileReference section */

/* Begin PBXFrameworksBuildPhase section */
		5203C6301C1F26EA000B9BC7 /* Frameworks */ = {
			isa = PBXFrameworksBuildPhase;
			buildActionMask = 2147483647;
			files = (
				521469AA1C405D1B00B9EF40 /* CoreLocation.framework in Frameworks */,
				52E77A971C1FBA6B0034EAFB /* SystemConfiguration.framework in Frameworks */,
				52E77A951C1FB9140034EAFB /* CleverTapSDK.framework in Frameworks */,
				5203C6501C1FAD49000B9BC7 /* Security.framework in Frameworks */,
				5203C64E1C1F2DDC000B9BC7 /* CoreTelephony.framework in Frameworks */,
			);
			runOnlyForDeploymentPostprocessing = 0;
		};
/* End PBXFrameworksBuildPhase section */

/* Begin PBXGroup section */
		5203C62A1C1F26EA000B9BC7 = {
			isa = PBXGroup;
			children = (
				521469A91C405D1B00B9EF40 /* CoreLocation.framework */,
				52E77A961C1FBA6B0034EAFB /* SystemConfiguration.framework */,
				5203C64F1C1FAD49000B9BC7 /* Security.framework */,
				5203C64D1C1F2DDC000B9BC7 /* CoreTelephony.framework */,
				52E77A931C1FB9140034EAFB /* CleverTapSDK-Bridging-Header.h */,
				52E77A941C1FB9140034EAFB /* CleverTapSDK.framework */,
				5203C6351C1F26EA000B9BC7 /* swiftstarter */,
				5203C6341C1F26EA000B9BC7 /* Products */,
			);
			sourceTree = "<group>";
		};
		5203C6341C1F26EA000B9BC7 /* Products */ = {
			isa = PBXGroup;
			children = (
				5203C6331C1F26EA000B9BC7 /* swiftstarter.app */,
			);
			name = Products;
			sourceTree = "<group>";
		};
		5203C6351C1F26EA000B9BC7 /* swiftstarter */ = {
			isa = PBXGroup;
			children = (
				5203C65A1C1FB61A000B9BC7 /* AppDelegate.swift */,
				5203C65C1C1FB61A000B9BC7 /* ViewController.swift */,
				5203C6611C1FB62F000B9BC7 /* Assets.xcassets */,
				5203C6631C1FB6CB000B9BC7 /* Main.storyboard */,
				5203C6651C1FB6CB000B9BC7 /* LaunchScreen.storyboard */,
				5203C65B1C1FB61A000B9BC7 /* Info.plist */,
			);
			name = swiftstarter;
			path = swifttest;
			sourceTree = "<group>";
		};
/* End PBXGroup section */

/* Begin PBXNativeTarget section */
		5203C6321C1F26EA000B9BC7 /* swiftstarter */ = {
			isa = PBXNativeTarget;
			buildConfigurationList = 5203C6451C1F26EA000B9BC7 /* Build configuration list for PBXNativeTarget "swiftstarter" */;
			buildPhases = (
				5203C62F1C1F26EA000B9BC7 /* Sources */,
				5203C6301C1F26EA000B9BC7 /* Frameworks */,
				5203C6311C1F26EA000B9BC7 /* Resources */,
			);
			buildRules = (
			);
			dependencies = (
			);
			name = swiftstarter;
			productName = swifttest;
			productReference = 5203C6331C1F26EA000B9BC7 /* swiftstarter.app */;
			productType = "com.apple.product-type.application";
		};
/* End PBXNativeTarget section */

/* Begin PBXProject section */
		5203C62B1C1F26EA000B9BC7 /* Project object */ = {
			isa = PBXProject;
			attributes = {
				LastSwiftUpdateCheck = 0720;
				LastUpgradeCheck = 0720;
				ORGANIZATIONNAME = CleverTap;
				TargetAttributes = {
					5203C6321C1F26EA000B9BC7 = {
						CreatedOnToolsVersion = 7.2;
						DevelopmentTeam = A5J34NR598;
						LastSwiftMigration = 0820;
					};
				};
			};
			buildConfigurationList = 5203C62E1C1F26EA000B9BC7 /* Build configuration list for PBXProject "swiftstarter" */;
			compatibilityVersion = "Xcode 3.2";
			developmentRegion = English;
			hasScannedForEncodings = 0;
			knownRegions = (
				en,
				Base,
			);
			mainGroup = 5203C62A1C1F26EA000B9BC7;
			productRefGroup = 5203C6341C1F26EA000B9BC7 /* Products */;
			projectDirPath = "";
			projectRoot = "";
			targets = (
				5203C6321C1F26EA000B9BC7 /* swiftstarter */,
			);
		};
/* End PBXProject section */

/* Begin PBXResourcesBuildPhase section */
		5203C6311C1F26EA000B9BC7 /* Resources */ = {
			isa = PBXResourcesBuildPhase;
			buildActionMask = 2147483647;
			files = (
				5203C6671C1FB6CB000B9BC7 /* Main.storyboard in Resources */,
				5203C6681C1FB6CB000B9BC7 /* LaunchScreen.storyboard in Resources */,
				5203C6621C1FB62F000B9BC7 /* Assets.xcassets in Resources */,
			);
			runOnlyForDeploymentPostprocessing = 0;
		};
/* End PBXResourcesBuildPhase section */

/* Begin PBXSourcesBuildPhase section */
		5203C62F1C1F26EA000B9BC7 /* Sources */ = {
			isa = PBXSourcesBuildPhase;
			buildActionMask = 2147483647;
			files = (
				5203C6601C1FB61A000B9BC7 /* ViewController.swift in Sources */,
				5203C65E1C1FB61A000B9BC7 /* AppDelegate.swift in Sources */,
			);
			runOnlyForDeploymentPostprocessing = 0;
		};
/* End PBXSourcesBuildPhase section */

/* Begin PBXVariantGroup section */
		5203C6631C1FB6CB000B9BC7 /* Main.storyboard */ = {
			isa = PBXVariantGroup;
			children = (
				5203C6641C1FB6CB000B9BC7 /* Base */,
			);
			name = Main.storyboard;
			sourceTree = "<group>";
		};
		5203C6651C1FB6CB000B9BC7 /* LaunchScreen.storyboard */ = {
			isa = PBXVariantGroup;
			children = (
				5203C6661C1FB6CB000B9BC7 /* Base */,
			);
			name = LaunchScreen.storyboard;
			sourceTree = "<group>";
		};
/* End PBXVariantGroup section */

/* Begin XCBuildConfiguration section */
		5203C6431C1F26EA000B9BC7 /* Debug */ = {
			isa = XCBuildConfiguration;
			buildSettings = {
				ALWAYS_SEARCH_USER_PATHS = NO;
				CLANG_CXX_LANGUAGE_STANDARD = "gnu++0x";
				CLANG_CXX_LIBRARY = "libc++";
				CLANG_ENABLE_MODULES = YES;
				CLANG_ENABLE_OBJC_ARC = YES;
				CLANG_WARN_BOOL_CONVERSION = YES;
				CLANG_WARN_CONSTANT_CONVERSION = YES;
				CLANG_WARN_DIRECT_OBJC_ISA_USAGE = YES_ERROR;
				CLANG_WARN_EMPTY_BODY = YES;
				CLANG_WARN_ENUM_CONVERSION = YES;
				CLANG_WARN_INT_CONVERSION = YES;
				CLANG_WARN_OBJC_ROOT_CLASS = YES_ERROR;
				CLANG_WARN_UNREACHABLE_CODE = YES;
				CLANG_WARN__DUPLICATE_METHOD_MATCH = YES;
				"CODE_SIGN_IDENTITY[sdk=iphoneos*]" = "iPhone Developer";
				COPY_PHASE_STRIP = NO;
				DEBUG_INFORMATION_FORMAT = dwarf;
				ENABLE_STRICT_OBJC_MSGSEND = YES;
				ENABLE_TESTABILITY = YES;
				GCC_C_LANGUAGE_STANDARD = gnu99;
				GCC_DYNAMIC_NO_PIC = NO;
				GCC_NO_COMMON_BLOCKS = YES;
				GCC_OPTIMIZATION_LEVEL = 0;
				GCC_PREPROCESSOR_DEFINITIONS = (
					"DEBUG=1",
					"$(inherited)",
				);
				GCC_WARN_64_TO_32_BIT_CONVERSION = YES;
				GCC_WARN_ABOUT_RETURN_TYPE = YES_ERROR;
				GCC_WARN_UNDECLARED_SELECTOR = YES;
				GCC_WARN_UNINITIALIZED_AUTOS = YES_AGGRESSIVE;
				GCC_WARN_UNUSED_FUNCTION = YES;
				GCC_WARN_UNUSED_VARIABLE = YES;
				IPHONEOS_DEPLOYMENT_TARGET = 9.2;
				MTL_ENABLE_DEBUG_INFO = YES;
				ONLY_ACTIVE_ARCH = YES;
				SDKROOT = iphoneos;
				SWIFT_OPTIMIZATION_LEVEL = "-Onone";
				TARGETED_DEVICE_FAMILY = "1,2";
			};
			name = Debug;
		};
		5203C6441C1F26EA000B9BC7 /* Release */ = {
			isa = XCBuildConfiguration;
			buildSettings = {
				ALWAYS_SEARCH_USER_PATHS = NO;
				CLANG_CXX_LANGUAGE_STANDARD = "gnu++0x";
				CLANG_CXX_LIBRARY = "libc++";
				CLANG_ENABLE_MODULES = YES;
				CLANG_ENABLE_OBJC_ARC = YES;
				CLANG_WARN_BOOL_CONVERSION = YES;
				CLANG_WARN_CONSTANT_CONVERSION = YES;
				CLANG_WARN_DIRECT_OBJC_ISA_USAGE = YES_ERROR;
				CLANG_WARN_EMPTY_BODY = YES;
				CLANG_WARN_ENUM_CONVERSION = YES;
				CLANG_WARN_INT_CONVERSION = YES;
				CLANG_WARN_OBJC_ROOT_CLASS = YES_ERROR;
				CLANG_WARN_UNREACHABLE_CODE = YES;
				CLANG_WARN__DUPLICATE_METHOD_MATCH = YES;
				"CODE_SIGN_IDENTITY[sdk=iphoneos*]" = "iPhone Developer";
				COPY_PHASE_STRIP = NO;
				DEBUG_INFORMATION_FORMAT = "dwarf-with-dsym";
				ENABLE_NS_ASSERTIONS = NO;
				ENABLE_STRICT_OBJC_MSGSEND = YES;
				GCC_C_LANGUAGE_STANDARD = gnu99;
				GCC_NO_COMMON_BLOCKS = YES;
				GCC_WARN_64_TO_32_BIT_CONVERSION = YES;
				GCC_WARN_ABOUT_RETURN_TYPE = YES_ERROR;
				GCC_WARN_UNDECLARED_SELECTOR = YES;
				GCC_WARN_UNINITIALIZED_AUTOS = YES_AGGRESSIVE;
				GCC_WARN_UNUSED_FUNCTION = YES;
				GCC_WARN_UNUSED_VARIABLE = YES;
				IPHONEOS_DEPLOYMENT_TARGET = 9.2;
				MTL_ENABLE_DEBUG_INFO = NO;
				SDKROOT = iphoneos;
				TARGETED_DEVICE_FAMILY = "1,2";
				VALIDATE_PRODUCT = YES;
			};
			name = Release;
		};
		5203C6461C1F26EA000B9BC7 /* Debug */ = {
			isa = XCBuildConfiguration;
			buildSettings = {
				ASSETCATALOG_COMPILER_APPICON_NAME = AppIcon;
				DEVELOPMENT_TEAM = A5J34NR598;
				FRAMEWORK_SEARCH_PATHS = (
					"$(inherited)",
					"$(PROJECT_DIR)/swiftstarter",
					"$(PROJECT_DIR)",
				);
				HEADER_SEARCH_PATHS = "$(PROJECT_DIR)/swiftstarter/CleverTapSDK.framework/Headers";
				INFOPLIST_FILE = swiftstarter/Info.plist;
				IPHONEOS_DEPLOYMENT_TARGET = 9.1;
				LD_RUNPATH_SEARCH_PATHS = "$(inherited) @executable_path/Frameworks";
				PRODUCT_BUNDLE_IDENTIFIER = com.clevertap.swiftstarter;
				PRODUCT_NAME = swiftstarter;
				SWIFT_OBJC_BRIDGING_HEADER = "$(PROJECT_DIR)/CleverTapSDK-Bridging-Header.h";
				SWIFT_VERSION = 3.0;
			};
			name = Debug;
		};
		5203C6471C1F26EA000B9BC7 /* Release */ = {
			isa = XCBuildConfiguration;
			buildSettings = {
				ASSETCATALOG_COMPILER_APPICON_NAME = AppIcon;
				DEVELOPMENT_TEAM = A5J34NR598;
				FRAMEWORK_SEARCH_PATHS = (
					"$(inherited)",
					"$(PROJECT_DIR)/swiftstarter",
					"$(PROJECT_DIR)",
				);
				HEADER_SEARCH_PATHS = "$(PROJECT_DIR)/swiftstarter/CleverTapSDK.framework/Headers";
				INFOPLIST_FILE = swiftstarter/Info.plist;
				IPHONEOS_DEPLOYMENT_TARGET = 9.1;
				LD_RUNPATH_SEARCH_PATHS = "$(inherited) @executable_path/Frameworks";
				PRODUCT_BUNDLE_IDENTIFIER = com.clevertap.swiftstarter;
				PRODUCT_NAME = swiftstarter;
				SWIFT_OBJC_BRIDGING_HEADER = "$(PROJECT_DIR)/CleverTapSDK-Bridging-Header.h";
				SWIFT_VERSION = 3.0;
			};
			name = Release;
		};
/* End XCBuildConfiguration section */

/* Begin XCConfigurationList section */
		5203C62E1C1F26EA000B9BC7 /* Build configuration list for PBXProject "swiftstarter" */ = {
			isa = XCConfigurationList;
			buildConfigurations = (
				5203C6431C1F26EA000B9BC7 /* Debug */,
				5203C6441C1F26EA000B9BC7 /* Release */,
			);
			defaultConfigurationIsVisible = 0;
			defaultConfigurationName = Release;
		};
		5203C6451C1F26EA000B9BC7 /* Build configuration list for PBXNativeTarget "swiftstarter" */ = {
			isa = XCConfigurationList;
			buildConfigurations = (
				5203C6461C1F26EA000B9BC7 /* Debug */,
				5203C6471C1F26EA000B9BC7 /* Release */,
			);
			defaultConfigurationIsVisible = 0;
			defaultConfigurationName = Release;
		};
/* End XCConfigurationList section */
	};
	rootObject = 5203C62B1C1F26EA000B9BC7 /* Project object */;
}
