PODS:
  - CleverTap-iOS-SDK (3.8.1):
    - SDWebImage (~> 5.1)
  - SDWebImage (5.8.0):
    - SDWebImage/Core (= 5.8.0)
  - SDWebImage/Core (5.8.0)

DEPENDENCIES:
  - CleverTap-iOS-SDK (from `../`)

SPEC REPOS:
  trunk:
    - SDWebImage

EXTERNAL SOURCES:
  CleverTap-iOS-SDK:
    :path: "../"

SPEC CHECKSUMS:
  CleverTap-iOS-SDK: 55c1becace89a08f408b3ed6fbe71e9c437f0abe
  SDWebImage: 84000f962cbfa70c07f19d2234cbfcf5d779b5dc

PODFILE CHECKSUM: 94517179d86a4d0a1e368d24cf50059049b9a9f7

COCOAPODS: 1.9.3
