PODS:
  - CleverTap-iOS-SDK (3.7.0):
    - SDWebImage (~> 5.1)
  - SDWebImage (5.1.1):
    - SDWebImage/Core (= 5.1.1)
  - SDWebImage/Core (5.1.1)

DEPENDENCIES:
  - CleverTap-iOS-SDK (from `../`)

SPEC REPOS:
  https://github.com/cocoapods/specs.git:
    - SDWebImage

EXTERNAL SOURCES:
  CleverTap-iOS-SDK:
    :path: "../"

SPEC CHECKSUMS:
  CleverTap-iOS-SDK: e1caf10acf26be3f5b8e04690dfc65d2ac36388a
  SDWebImage: 96d7f03415ccb28d299d765f93557ff8a617abd8

PODFILE CHECKSUM: b4f3542daf2ced0c2c6faa368b426728b78fa179

COCOAPODS: 1.7.5
