// !$*UTF8*$!
{
	archiveVersion = 1;
	classes = {
	};
	objectVersion = 46;
	objects = {

/* Begin PBXBuildFile section */
		52387AE01E6606F200C63B80 /* AppDelegate.swift in Sources */ = {isa = PBXBuildFile; fileRef = 52387ADF1E6606F200C63B80 /* AppDelegate.swift */; };
		52387AE21E6606F200C63B80 /* ViewController.swift in Sources */ = {isa = PBXBuildFile; fileRef = 52387AE11E6606F200C63B80 /* ViewController.swift */; };
		52387AE51E6606F200C63B80 /* Main.storyboard in Resources */ = {isa = PBXBuildFile; fileRef = 52387AE31E6606F200C63B80 /* Main.storyboard */; };
		52387AE71E6606F200C63B80 /* Assets.xcassets in Resources */ = {isa = PBXBuildFile; fileRef = 52387AE61E6606F200C63B80 /* Assets.xcassets */; };
		52387AEA1E6606F200C63B80 /* LaunchScreen.storyboard in Resources */ = {isa = PBXBuildFile; fileRef = 52387AE81E6606F200C63B80 /* LaunchScreen.storyboard */; };
		52387AF81E66078B00C63B80 /* NotificationService.swift in Sources */ = {isa = PBXBuildFile; fileRef = 52387AF71E66078B00C63B80 /* NotificationService.swift */; };
		52387AFC1E66078B00C63B80 /* NotificationService.appex in Embed App Extensions */ = {isa = PBXBuildFile; fileRef = 52387AF51E66078B00C63B80 /* NotificationService.appex */; settings = {ATTRIBUTES = (RemoveHeadersOnCopy, ); }; };
		52387B031E66080100C63B80 /* logo.png in Resources */ = {isa = PBXBuildFile; fileRef = 52387B021E66080100C63B80 /* logo.png */; };
		91EB69517391A6ABD798172B /* Pods_NotificationService.framework in Frameworks */ = {isa = PBXBuildFile; fileRef = 643A21D8D56C194C06ECD47C /* Pods_NotificationService.framework */; };
		D17B2315FBB42BB6C731F85F /* Pods_CTNotificationServiceExampleSwift.framework in Frameworks */ = {isa = PBXBuildFile; fileRef = 2C1BEE21A0EC4889F5A57132 /* Pods_CTNotificationServiceExampleSwift.framework */; };
/* End PBXBuildFile section */

/* Begin PBXContainerItemProxy section */
		52387AFA1E66078B00C63B80 /* PBXContainerItemProxy */ = {
			isa = PBXContainerItemProxy;
			containerPortal = 52387AD41E6606F200C63B80 /* Project object */;
			proxyType = 1;
			remoteGlobalIDString = 52387AF41E66078B00C63B80;
			remoteInfo = NotificationService;
		};
/* End PBXContainerItemProxy section */

/* Begin PBXCopyFilesBuildPhase section */
		52387B001E66078B00C63B80 /* Embed App Extensions */ = {
			isa = PBXCopyFilesBuildPhase;
			buildActionMask = 2147483647;
			dstPath = "";
			dstSubfolderSpec = 13;
			files = (
				52387AFC1E66078B00C63B80 /* NotificationService.appex in Embed App Extensions */,
			);
			name = "Embed App Extensions";
			runOnlyForDeploymentPostprocessing = 0;
		};
/* End PBXCopyFilesBuildPhase section */

/* Begin PBXFileReference section */
		20F2CD751873A74D2F560D83 /* Pods-NotificationService.debug.xcconfig */ = {isa = PBXFileReference; includeInIndex = 1; lastKnownFileType = text.xcconfig; name = "Pods-NotificationService.debug.xcconfig"; path = "Pods/Target Support Files/Pods-NotificationService/Pods-NotificationService.debug.xcconfig"; sourceTree = "<group>"; };
		242E7B017C472B8F1632A96A /* Pods-CTNotificationServiceExampleSwift.debug.xcconfig */ = {isa = PBXFileReference; includeInIndex = 1; lastKnownFileType = text.xcconfig; name = "Pods-CTNotificationServiceExampleSwift.debug.xcconfig"; path = "Pods/Target Support Files/Pods-CTNotificationServiceExampleSwift/Pods-CTNotificationServiceExampleSwift.debug.xcconfig"; sourceTree = "<group>"; };
		2C1BEE21A0EC4889F5A57132 /* Pods_CTNotificationServiceExampleSwift.framework */ = {isa = PBXFileReference; explicitFileType = wrapper.framework; includeInIndex = 0; path = Pods_CTNotificationServiceExampleSwift.framework; sourceTree = BUILT_PRODUCTS_DIR; };
		52387ADC1E6606F200C63B80 /* CTNotificationServiceExampleSwift.app */ = {isa = PBXFileReference; explicitFileType = wrapper.application; includeInIndex = 0; path = CTNotificationServiceExampleSwift.app; sourceTree = BUILT_PRODUCTS_DIR; };
		52387ADF1E6606F200C63B80 /* AppDelegate.swift */ = {isa = PBXFileReference; lastKnownFileType = sourcecode.swift; path = AppDelegate.swift; sourceTree = "<group>"; };
		52387AE11E6606F200C63B80 /* ViewController.swift */ = {isa = PBXFileReference; lastKnownFileType = sourcecode.swift; path = ViewController.swift; sourceTree = "<group>"; };
		52387AE41E6606F200C63B80 /* Base */ = {isa = PBXFileReference; lastKnownFileType = file.storyboard; name = Base; path = Base.lproj/Main.storyboard; sourceTree = "<group>"; };
		52387AE61E6606F200C63B80 /* Assets.xcassets */ = {isa = PBXFileReference; lastKnownFileType = folder.assetcatalog; path = Assets.xcassets; sourceTree = "<group>"; };
		52387AE91E6606F200C63B80 /* Base */ = {isa = PBXFileReference; lastKnownFileType = file.storyboard; name = Base; path = Base.lproj/LaunchScreen.storyboard; sourceTree = "<group>"; };
		52387AEB1E6606F200C63B80 /* Info.plist */ = {isa = PBXFileReference; lastKnownFileType = text.plist.xml; path = Info.plist; sourceTree = "<group>"; };
		52387AF51E66078B00C63B80 /* NotificationService.appex */ = {isa = PBXFileReference; explicitFileType = "wrapper.app-extension"; includeInIndex = 0; path = NotificationService.appex; sourceTree = BUILT_PRODUCTS_DIR; };
		52387AF71E66078B00C63B80 /* NotificationService.swift */ = {isa = PBXFileReference; lastKnownFileType = sourcecode.swift; path = NotificationService.swift; sourceTree = "<group>"; };
		52387AF91E66078B00C63B80 /* Info.plist */ = {isa = PBXFileReference; lastKnownFileType = text.plist.xml; path = Info.plist; sourceTree = "<group>"; };
		52387B021E66080100C63B80 /* logo.png */ = {isa = PBXFileReference; lastKnownFileType = image.png; path = logo.png; sourceTree = "<group>"; };
		52387B041E66096600C63B80 /* CTNotificationServiceExampleSwift.entitlements */ = {isa = PBXFileReference; lastKnownFileType = text.plist.entitlements; path = CTNotificationServiceExampleSwift.entitlements; sourceTree = "<group>"; };
		52387B061E660F5200C63B80 /* Bridging-Header.h */ = {isa = PBXFileReference; fileEncoding = 4; lastKnownFileType = sourcecode.c.h; path = "Bridging-Header.h"; sourceTree = SOURCE_ROOT; };
		643A21D8D56C194C06ECD47C /* Pods_NotificationService.framework */ = {isa = PBXFileReference; explicitFileType = wrapper.framework; includeInIndex = 0; path = Pods_NotificationService.framework; sourceTree = BUILT_PRODUCTS_DIR; };
		79F3E1803B8D6C7D65C4A894 /* Pods-CTNotificationServiceExampleSwift.release.xcconfig */ = {isa = PBXFileReference; includeInIndex = 1; lastKnownFileType = text.xcconfig; name = "Pods-CTNotificationServiceExampleSwift.release.xcconfig"; path = "Pods/Target Support Files/Pods-CTNotificationServiceExampleSwift/Pods-CTNotificationServiceExampleSwift.release.xcconfig"; sourceTree = "<group>"; };
		969C1B9C3CDE143BA52B6365 /* Pods-NotificationService.release.xcconfig */ = {isa = PBXFileReference; includeInIndex = 1; lastKnownFileType = text.xcconfig; name = "Pods-NotificationService.release.xcconfig"; path = "Pods/Target Support Files/Pods-NotificationService/Pods-NotificationService.release.xcconfig"; sourceTree = "<group>"; };
/* End PBXFileReference section */

/* Begin PBXFrameworksBuildPhase section */
		52387AD91E6606F200C63B80 /* Frameworks */ = {
			isa = PBXFrameworksBuildPhase;
			buildActionMask = 2147483647;
			files = (
				D17B2315FBB42BB6C731F85F /* Pods_CTNotificationServiceExampleSwift.framework in Frameworks */,
			);
			runOnlyForDeploymentPostprocessing = 0;
		};
		52387AF21E66078B00C63B80 /* Frameworks */ = {
			isa = PBXFrameworksBuildPhase;
			buildActionMask = 2147483647;
			files = (
				91EB69517391A6ABD798172B /* Pods_NotificationService.framework in Frameworks */,
			);
			runOnlyForDeploymentPostprocessing = 0;
		};
/* End PBXFrameworksBuildPhase section */

/* Begin PBXGroup section */
		52387AD31E6606F200C63B80 = {
			isa = PBXGroup;
			children = (
				52387ADE1E6606F200C63B80 /* CTNotificationServiceExampleSwift */,
				52387AF61E66078B00C63B80 /* NotificationService */,
				52387ADD1E6606F200C63B80 /* Products */,
				AB431BB6DBB57A67E9E61E2E /* Pods */,
				D072529FE2D4AD892370B80F /* Frameworks */,
			);
			sourceTree = "<group>";
		};
		52387ADD1E6606F200C63B80 /* Products */ = {
			isa = PBXGroup;
			children = (
				52387ADC1E6606F200C63B80 /* CTNotificationServiceExampleSwift.app */,
				52387AF51E66078B00C63B80 /* NotificationService.appex */,
			);
			name = Products;
			sourceTree = "<group>";
		};
		52387ADE1E6606F200C63B80 /* CTNotificationServiceExampleSwift */ = {
			isa = PBXGroup;
			children = (
				52387B041E66096600C63B80 /* CTNotificationServiceExampleSwift.entitlements */,
				52387B011E66080100C63B80 /* images */,
				52387ADF1E6606F200C63B80 /* AppDelegate.swift */,
				52387AE11E6606F200C63B80 /* ViewController.swift */,
				52387AE31E6606F200C63B80 /* Main.storyboard */,
				52387AE61E6606F200C63B80 /* Assets.xcassets */,
				52387AE81E6606F200C63B80 /* LaunchScreen.storyboard */,
				52387AEB1E6606F200C63B80 /* Info.plist */,
				52387B061E660F5200C63B80 /* Bridging-Header.h */,
			);
			path = CTNotificationServiceExampleSwift;
			sourceTree = "<group>";
		};
		52387AF61E66078B00C63B80 /* NotificationService */ = {
			isa = PBXGroup;
			children = (
				52387AF71E66078B00C63B80 /* NotificationService.swift */,
				52387AF91E66078B00C63B80 /* Info.plist */,
			);
			path = NotificationService;
			sourceTree = "<group>";
		};
		52387B011E66080100C63B80 /* images */ = {
			isa = PBXGroup;
			children = (
				52387B021E66080100C63B80 /* logo.png */,
			);
			path = images;
			sourceTree = "<group>";
		};
		AB431BB6DBB57A67E9E61E2E /* Pods */ = {
			isa = PBXGroup;
			children = (
				242E7B017C472B8F1632A96A /* Pods-CTNotificationServiceExampleSwift.debug.xcconfig */,
				79F3E1803B8D6C7D65C4A894 /* Pods-CTNotificationServiceExampleSwift.release.xcconfig */,
				20F2CD751873A74D2F560D83 /* Pods-NotificationService.debug.xcconfig */,
				969C1B9C3CDE143BA52B6365 /* Pods-NotificationService.release.xcconfig */,
			);
			name = Pods;
			sourceTree = "<group>";
		};
		D072529FE2D4AD892370B80F /* Frameworks */ = {
			isa = PBXGroup;
			children = (
				2C1BEE21A0EC4889F5A57132 /* Pods_CTNotificationServiceExampleSwift.framework */,
				643A21D8D56C194C06ECD47C /* Pods_NotificationService.framework */,
			);
			name = Frameworks;
			sourceTree = "<group>";
		};
/* End PBXGroup section */

/* Begin PBXNativeTarget section */
		52387ADB1E6606F200C63B80 /* CTNotificationServiceExampleSwift */ = {
			isa = PBXNativeTarget;
			buildConfigurationList = 52387AEE1E6606F200C63B80 /* Build configuration list for PBXNativeTarget "CTNotificationServiceExampleSwift" */;
			buildPhases = (
				0B7838025078369738F0FD07 /* [CP] Check Pods Manifest.lock */,
				52387AD81E6606F200C63B80 /* Sources */,
				52387AD91E6606F200C63B80 /* Frameworks */,
				52387ADA1E6606F200C63B80 /* Resources */,
				52387B001E66078B00C63B80 /* Embed App Extensions */,
				3BAE9951B01FEE0878037BFD /* [CP] Embed Pods Frameworks */,
				10DA3245A06A23471E2C9138 /* [CP] Copy Pods Resources */,
			);
			buildRules = (
			);
			dependencies = (
				52387AFB1E66078B00C63B80 /* PBXTargetDependency */,
			);
			name = CTNotificationServiceExampleSwift;
			productName = CTNotificationServiceExampleSwift;
			productReference = 52387ADC1E6606F200C63B80 /* CTNotificationServiceExampleSwift.app */;
			productType = "com.apple.product-type.application";
		};
		52387AF41E66078B00C63B80 /* NotificationService */ = {
			isa = PBXNativeTarget;
			buildConfigurationList = 52387AFD1E66078B00C63B80 /* Build configuration list for PBXNativeTarget "NotificationService" */;
			buildPhases = (
				02BC93584086E8A7AA7B6594 /* [CP] Check Pods Manifest.lock */,
				52387AF11E66078B00C63B80 /* Sources */,
				52387AF21E66078B00C63B80 /* Frameworks */,
				52387AF31E66078B00C63B80 /* Resources */,
				1C0D0A6914A1965585626C97 /* [CP] Copy Pods Resources */,
			);
			buildRules = (
			);
			dependencies = (
			);
			name = NotificationService;
			productName = NotificationService;
			productReference = 52387AF51E66078B00C63B80 /* NotificationService.appex */;
			productType = "com.apple.product-type.app-extension";
		};
/* End PBXNativeTarget section */

/* Begin PBXProject section */
		52387AD41E6606F200C63B80 /* Project object */ = {
			isa = PBXProject;
			attributes = {
				LastSwiftUpdateCheck = 0820;
				LastUpgradeCheck = 0820;
				ORGANIZATIONNAME = CleverTap;
				TargetAttributes = {
					52387ADB1E6606F200C63B80 = {
						CreatedOnToolsVersion = 8.2.1;
						DevelopmentTeam = A5J34NR598;
						ProvisioningStyle = Automatic;
						SystemCapabilities = {
							com.apple.Push = {
								enabled = 1;
							};
						};
					};
					52387AF41E66078B00C63B80 = {
						CreatedOnToolsVersion = 8.2.1;
						DevelopmentTeam = A5J34NR598;
						ProvisioningStyle = Automatic;
					};
				};
			};
			buildConfigurationList = 52387AD71E6606F200C63B80 /* Build configuration list for PBXProject "CTNotificationServiceExampleSwift" */;
			compatibilityVersion = "Xcode 3.2";
			developmentRegion = English;
			hasScannedForEncodings = 0;
			knownRegions = (
				en,
				Base,
			);
			mainGroup = 52387AD31E6606F200C63B80;
			productRefGroup = 52387ADD1E6606F200C63B80 /* Products */;
			projectDirPath = "";
			projectRoot = "";
			targets = (
				52387ADB1E6606F200C63B80 /* CTNotificationServiceExampleSwift */,
				52387AF41E66078B00C63B80 /* NotificationService */,
			);
		};
/* End PBXProject section */

/* Begin PBXResourcesBuildPhase section */
		52387ADA1E6606F200C63B80 /* Resources */ = {
			isa = PBXResourcesBuildPhase;
			buildActionMask = 2147483647;
			files = (
				52387B031E66080100C63B80 /* logo.png in Resources */,
				52387AEA1E6606F200C63B80 /* LaunchScreen.storyboard in Resources */,
				52387AE71E6606F200C63B80 /* Assets.xcassets in Resources */,
				52387AE51E6606F200C63B80 /* Main.storyboard in Resources */,
			);
			runOnlyForDeploymentPostprocessing = 0;
		};
		52387AF31E66078B00C63B80 /* Resources */ = {
			isa = PBXResourcesBuildPhase;
			buildActionMask = 2147483647;
			files = (
			);
			runOnlyForDeploymentPostprocessing = 0;
		};
/* End PBXResourcesBuildPhase section */

/* Begin PBXShellScriptBuildPhase section */
		02BC93584086E8A7AA7B6594 /* [CP] Check Pods Manifest.lock */ = {
			isa = PBXShellScriptBuildPhase;
			buildActionMask = 2147483647;
			files = (
			);
			inputPaths = (
				"${PODS_PODFILE_DIR_PATH}/Podfile.lock",
				"${PODS_ROOT}/Manifest.lock",
			);
			name = "[CP] Check Pods Manifest.lock";
			outputPaths = (
				"$(DERIVED_FILE_DIR)/Pods-NotificationService-checkManifestLockResult.txt",
			);
			runOnlyForDeploymentPostprocessing = 0;
			shellPath = /bin/sh;
			shellScript = "diff \"${PODS_PODFILE_DIR_PATH}/Podfile.lock\" \"${PODS_ROOT}/Manifest.lock\" > /dev/null\nif [ $? != 0 ] ; then\n    # print error to STDERR\n    echo \"error: The sandbox is not in sync with the Podfile.lock. Run 'pod install' or update your CocoaPods installation.\" >&2\n    exit 1\nfi\n# This output is used by Xcode 'outputs' to avoid re-running this script phase.\necho \"SUCCESS\" > \"${SCRIPT_OUTPUT_FILE_0}\"\n";
			showEnvVarsInLog = 0;
		};
		0B7838025078369738F0FD07 /* [CP] Check Pods Manifest.lock */ = {
			isa = PBXShellScriptBuildPhase;
			buildActionMask = 2147483647;
			files = (
			);
			inputPaths = (
				"${PODS_PODFILE_DIR_PATH}/Podfile.lock",
				"${PODS_ROOT}/Manifest.lock",
			);
			name = "[CP] Check Pods Manifest.lock";
			outputPaths = (
				"$(DERIVED_FILE_DIR)/Pods-CTNotificationServiceExampleSwift-checkManifestLockResult.txt",
			);
			runOnlyForDeploymentPostprocessing = 0;
			shellPath = /bin/sh;
			shellScript = "diff \"${PODS_PODFILE_DIR_PATH}/Podfile.lock\" \"${PODS_ROOT}/Manifest.lock\" > /dev/null\nif [ $? != 0 ] ; then\n    # print error to STDERR\n    echo \"error: The sandbox is not in sync with the Podfile.lock. Run 'pod install' or update your CocoaPods installation.\" >&2\n    exit 1\nfi\n# This output is used by Xcode 'outputs' to avoid re-running this script phase.\necho \"SUCCESS\" > \"${SCRIPT_OUTPUT_FILE_0}\"\n";
			showEnvVarsInLog = 0;
		};
		10DA3245A06A23471E2C9138 /* [CP] Copy Pods Resources */ = {
			isa = PBXShellScriptBuildPhase;
			buildActionMask = 2147483647;
			files = (
			);
			inputPaths = (
			);
			name = "[CP] Copy Pods Resources";
			outputPaths = (
			);
			runOnlyForDeploymentPostprocessing = 0;
			shellPath = /bin/sh;
			shellScript = "\"${SRCROOT}/Pods/Target Support Files/Pods-CTNotificationServiceExampleSwift/Pods-CTNotificationServiceExampleSwift-resources.sh\"\n";
			showEnvVarsInLog = 0;
		};
		1C0D0A6914A1965585626C97 /* [CP] Copy Pods Resources */ = {
			isa = PBXShellScriptBuildPhase;
			buildActionMask = 2147483647;
			files = (
			);
			inputPaths = (
			);
			name = "[CP] Copy Pods Resources";
			outputPaths = (
			);
			runOnlyForDeploymentPostprocessing = 0;
			shellPath = /bin/sh;
			shellScript = "\"${SRCROOT}/Pods/Target Support Files/Pods-NotificationService/Pods-NotificationService-resources.sh\"\n";
			showEnvVarsInLog = 0;
		};
		3BAE9951B01FEE0878037BFD /* [CP] Embed Pods Frameworks */ = {
			isa = PBXShellScriptBuildPhase;
			buildActionMask = 2147483647;
			files = (
			);
			inputPaths = (
				"${SRCROOT}/Pods/Target Support Files/Pods-CTNotificationServiceExampleSwift/Pods-CTNotificationServiceExampleSwift-frameworks.sh",
				"${BUILT_PRODUCTS_DIR}/CTNotificationService/CTNotificationService.framework",
			);
			name = "[CP] Embed Pods Frameworks";
			outputPaths = (
				"${TARGET_BUILD_DIR}/${FRAMEWORKS_FOLDER_PATH}/CTNotificationService.framework",
			);
			runOnlyForDeploymentPostprocessing = 0;
			shellPath = /bin/sh;
			shellScript = "\"${SRCROOT}/Pods/Target Support Files/Pods-CTNotificationServiceExampleSwift/Pods-CTNotificationServiceExampleSwift-frameworks.sh\"\n";
			showEnvVarsInLog = 0;
		};
/* End PBXShellScriptBuildPhase section */

/* Begin PBXSourcesBuildPhase section */
		52387AD81E6606F200C63B80 /* Sources */ = {
			isa = PBXSourcesBuildPhase;
			buildActionMask = 2147483647;
			files = (
				52387AE21E6606F200C63B80 /* ViewController.swift in Sources */,
				52387AE01E6606F200C63B80 /* AppDelegate.swift in Sources */,
			);
			runOnlyForDeploymentPostprocessing = 0;
		};
		52387AF11E66078B00C63B80 /* Sources */ = {
			isa = PBXSourcesBuildPhase;
			buildActionMask = 2147483647;
			files = (
				52387AF81E66078B00C63B80 /* NotificationService.swift in Sources */,
			);
			runOnlyForDeploymentPostprocessing = 0;
		};
/* End PBXSourcesBuildPhase section */

/* Begin PBXTargetDependency section */
		52387AFB1E66078B00C63B80 /* PBXTargetDependency */ = {
			isa = PBXTargetDependency;
			target = 52387AF41E66078B00C63B80 /* NotificationService */;
			targetProxy = 52387AFA1E66078B00C63B80 /* PBXContainerItemProxy */;
		};
/* End PBXTargetDependency section */

/* Begin PBXVariantGroup section */
		52387AE31E6606F200C63B80 /* Main.storyboard */ = {
			isa = PBXVariantGroup;
			children = (
				52387AE41E6606F200C63B80 /* Base */,
			);
			name = Main.storyboard;
			sourceTree = "<group>";
		};
		52387AE81E6606F200C63B80 /* LaunchScreen.storyboard */ = {
			isa = PBXVariantGroup;
			children = (
				52387AE91E6606F200C63B80 /* Base */,
			);
			name = LaunchScreen.storyboard;
			sourceTree = "<group>";
		};
/* End PBXVariantGroup section */

/* Begin XCBuildConfiguration section */
		52387AEC1E6606F200C63B80 /* Debug */ = {
			isa = XCBuildConfiguration;
			buildSettings = {
				ALWAYS_SEARCH_USER_PATHS = NO;
				CLANG_ANALYZER_NONNULL = YES;
				CLANG_CXX_LANGUAGE_STANDARD = "gnu++0x";
				CLANG_CXX_LIBRARY = "libc++";
				CLANG_ENABLE_MODULES = YES;
				CLANG_ENABLE_OBJC_ARC = YES;
				CLANG_WARN_BOOL_CONVERSION = YES;
				CLANG_WARN_CONSTANT_CONVERSION = YES;
				CLANG_WARN_DIRECT_OBJC_ISA_USAGE = YES_ERROR;
				CLANG_WARN_DOCUMENTATION_COMMENTS = YES;
				CLANG_WARN_EMPTY_BODY = YES;
				CLANG_WARN_ENUM_CONVERSION = YES;
				CLANG_WARN_INFINITE_RECURSION = YES;
				CLANG_WARN_INT_CONVERSION = YES;
				CLANG_WARN_OBJC_ROOT_CLASS = YES_ERROR;
				CLANG_WARN_SUSPICIOUS_MOVE = YES;
				CLANG_WARN_UNREACHABLE_CODE = YES;
				CLANG_WARN__DUPLICATE_METHOD_MATCH = YES;
				"CODE_SIGN_IDENTITY[sdk=iphoneos*]" = "iPhone Developer";
				COPY_PHASE_STRIP = NO;
				DEBUG_INFORMATION_FORMAT = dwarf;
				ENABLE_STRICT_OBJC_MSGSEND = YES;
				ENABLE_TESTABILITY = YES;
				GCC_C_LANGUAGE_STANDARD = gnu99;
				GCC_DYNAMIC_NO_PIC = NO;
				GCC_NO_COMMON_BLOCKS = YES;
				GCC_OPTIMIZATION_LEVEL = 0;
				GCC_PREPROCESSOR_DEFINITIONS = (
					"DEBUG=1",
					"$(inherited)",
				);
				GCC_WARN_64_TO_32_BIT_CONVERSION = YES;
				GCC_WARN_ABOUT_RETURN_TYPE = YES_ERROR;
				GCC_WARN_UNDECLARED_SELECTOR = YES;
				GCC_WARN_UNINITIALIZED_AUTOS = YES_AGGRESSIVE;
				GCC_WARN_UNUSED_FUNCTION = YES;
				GCC_WARN_UNUSED_VARIABLE = YES;
				IPHONEOS_DEPLOYMENT_TARGET = 10.2;
				MTL_ENABLE_DEBUG_INFO = YES;
				ONLY_ACTIVE_ARCH = YES;
				SDKROOT = iphoneos;
				SWIFT_ACTIVE_COMPILATION_CONDITIONS = DEBUG;
				SWIFT_OPTIMIZATION_LEVEL = "-Onone";
				TARGETED_DEVICE_FAMILY = "1,2";
			};
			name = Debug;
		};
		52387AED1E6606F200C63B80 /* Release */ = {
			isa = XCBuildConfiguration;
			buildSettings = {
				ALWAYS_SEARCH_USER_PATHS = NO;
				CLANG_ANALYZER_NONNULL = YES;
				CLANG_CXX_LANGUAGE_STANDARD = "gnu++0x";
				CLANG_CXX_LIBRARY = "libc++";
				CLANG_ENABLE_MODULES = YES;
				CLANG_ENABLE_OBJC_ARC = YES;
				CLANG_WARN_BOOL_CONVERSION = YES;
				CLANG_WARN_CONSTANT_CONVERSION = YES;
				CLANG_WARN_DIRECT_OBJC_ISA_USAGE = YES_ERROR;
				CLANG_WARN_DOCUMENTATION_COMMENTS = YES;
				CLANG_WARN_EMPTY_BODY = YES;
				CLANG_WARN_ENUM_CONVERSION = YES;
				CLANG_WARN_INFINITE_RECURSION = YES;
				CLANG_WARN_INT_CONVERSION = YES;
				CLANG_WARN_OBJC_ROOT_CLASS = YES_ERROR;
				CLANG_WARN_SUSPICIOUS_MOVE = YES;
				CLANG_WARN_UNREACHABLE_CODE = YES;
				CLANG_WARN__DUPLICATE_METHOD_MATCH = YES;
				"CODE_SIGN_IDENTITY[sdk=iphoneos*]" = "iPhone Developer";
				COPY_PHASE_STRIP = NO;
				DEBUG_INFORMATION_FORMAT = "dwarf-with-dsym";
				ENABLE_NS_ASSERTIONS = NO;
				ENABLE_STRICT_OBJC_MSGSEND = YES;
				GCC_C_LANGUAGE_STANDARD = gnu99;
				GCC_NO_COMMON_BLOCKS = YES;
				GCC_WARN_64_TO_32_BIT_CONVERSION = YES;
				GCC_WARN_ABOUT_RETURN_TYPE = YES_ERROR;
				GCC_WARN_UNDECLARED_SELECTOR = YES;
				GCC_WARN_UNINITIALIZED_AUTOS = YES_AGGRESSIVE;
				GCC_WARN_UNUSED_FUNCTION = YES;
				GCC_WARN_UNUSED_VARIABLE = YES;
				IPHONEOS_DEPLOYMENT_TARGET = 10.2;
				MTL_ENABLE_DEBUG_INFO = NO;
				SDKROOT = iphoneos;
				SWIFT_OPTIMIZATION_LEVEL = "-Owholemodule";
				TARGETED_DEVICE_FAMILY = "1,2";
				VALIDATE_PRODUCT = YES;
			};
			name = Release;
		};
		52387AEF1E6606F200C63B80 /* Debug */ = {
			isa = XCBuildConfiguration;
			baseConfigurationReference = 242E7B017C472B8F1632A96A /* Pods-CTNotificationServiceExampleSwift.debug.xcconfig */;
			buildSettings = {
				ALWAYS_EMBED_SWIFT_STANDARD_LIBRARIES = YES;
				ASSETCATALOG_COMPILER_APPICON_NAME = AppIcon;
				CODE_SIGN_ENTITLEMENTS = CTNotificationServiceExampleSwift/CTNotificationServiceExampleSwift.entitlements;
				DEVELOPMENT_TEAM = A5J34NR598;
				INFOPLIST_FILE = CTNotificationServiceExampleSwift/Info.plist;
				IPHONEOS_DEPLOYMENT_TARGET = 9.3;
				LD_RUNPATH_SEARCH_PATHS = "$(inherited) @executable_path/Frameworks";
				PRODUCT_BUNDLE_IDENTIFIER = com.clevertap.CTNotificationServiceExample;
				PRODUCT_NAME = "$(TARGET_NAME)";
				SWIFT_OBJC_BRIDGING_HEADER = "Bridging-Header.h";
				SWIFT_VERSION = 3.0;
			};
			name = Debug;
		};
		52387AF01E6606F200C63B80 /* Release */ = {
			isa = XCBuildConfiguration;
			baseConfigurationReference = 79F3E1803B8D6C7D65C4A894 /* Pods-CTNotificationServiceExampleSwift.release.xcconfig */;
			buildSettings = {
				ALWAYS_EMBED_SWIFT_STANDARD_LIBRARIES = YES;
				ASSETCATALOG_COMPILER_APPICON_NAME = AppIcon;
				CODE_SIGN_ENTITLEMENTS = CTNotificationServiceExampleSwift/CTNotificationServiceExampleSwift.entitlements;
				DEVELOPMENT_TEAM = A5J34NR598;
				INFOPLIST_FILE = CTNotificationServiceExampleSwift/Info.plist;
				IPHONEOS_DEPLOYMENT_TARGET = 9.3;
				LD_RUNPATH_SEARCH_PATHS = "$(inherited) @executable_path/Frameworks";
				PRODUCT_BUNDLE_IDENTIFIER = com.clevertap.CTNotificationServiceExample;
				PRODUCT_NAME = "$(TARGET_NAME)";
				SWIFT_OBJC_BRIDGING_HEADER = "Bridging-Header.h";
				SWIFT_VERSION = 3.0;
			};
			name = Release;
		};
		52387AFE1E66078B00C63B80 /* Debug */ = {
			isa = XCBuildConfiguration;
			baseConfigurationReference = 20F2CD751873A74D2F560D83 /* Pods-NotificationService.debug.xcconfig */;
			buildSettings = {
				DEVELOPMENT_TEAM = A5J34NR598;
				INFOPLIST_FILE = NotificationService/Info.plist;
				LD_RUNPATH_SEARCH_PATHS = "$(inherited) @executable_path/Frameworks @executable_path/../../Frameworks";
				PRODUCT_BUNDLE_IDENTIFIER = com.clevertap.CTNotificationServiceExample.NotificationService;
				PRODUCT_NAME = "$(TARGET_NAME)";
				SKIP_INSTALL = YES;
				SWIFT_VERSION = 3.0;
			};
			name = Debug;
		};
		52387AFF1E66078B00C63B80 /* Release */ = {
			isa = XCBuildConfiguration;
			baseConfigurationReference = 969C1B9C3CDE143BA52B6365 /* Pods-NotificationService.release.xcconfig */;
			buildSettings = {
				DEVELOPMENT_TEAM = A5J34NR598;
				INFOPLIST_FILE = NotificationService/Info.plist;
				LD_RUNPATH_SEARCH_PATHS = "$(inherited) @executable_path/Frameworks @executable_path/../../Frameworks";
				PRODUCT_BUNDLE_IDENTIFIER = com.clevertap.CTNotificationServiceExample.NotificationService;
				PRODUCT_NAME = "$(TARGET_NAME)";
				SKIP_INSTALL = YES;
				SWIFT_VERSION = 3.0;
			};
			name = Release;
		};
/* End XCBuildConfiguration section */

/* Begin XCConfigurationList section */
		52387AD71E6606F200C63B80 /* Build configuration list for PBXProject "CTNotificationServiceExampleSwift" */ = {
			isa = XCConfigurationList;
			buildConfigurations = (
				52387AEC1E6606F200C63B80 /* Debug */,
				52387AED1E6606F200C63B80 /* Release */,
			);
			defaultConfigurationIsVisible = 0;
			defaultConfigurationName = Release;
		};
		52387AEE1E6606F200C63B80 /* Build configuration list for PBXNativeTarget "CTNotificationServiceExampleSwift" */ = {
			isa = XCConfigurationList;
			buildConfigurations = (
				52387AEF1E6606F200C63B80 /* Debug */,
				52387AF01E6606F200C63B80 /* Release */,
			);
			defaultConfigurationIsVisible = 0;
			defaultConfigurationName = Release;
		};
		52387AFD1E66078B00C63B80 /* Build configuration list for PBXNativeTarget "NotificationService" */ = {
			isa = XCConfigurationList;
			buildConfigurations = (
				52387AFE1E66078B00C63B80 /* Debug */,
				52387AFF1E66078B00C63B80 /* Release */,
			);
			defaultConfigurationIsVisible = 0;
			defaultConfigurationName = Release;
		};
/* End XCConfigurationList section */
	};
	rootObject = 52387AD41E6606F200C63B80 /* Project object */;
}
