{
  "object": {
    "pins": [
      {
        "package": "CleverTapSDK",
        "repositoryURL": "https://github.com/CleverTap/clevertap-ios-sdk",
        "state": {
          "branch": null,
          "revision": "1b6111fc512df0398374ea6bdff83c5f4db87e30",
          "version": null
        }
      },
      {
        "package": "SDWebImage",
        "repositoryURL": "https://github.com/SDWebImage/SDWebImage.git",
        "state": {
          "branch": null,
          "revision": "88b3ba211c0d604e60eab204c1baf8229c513399",
          "version": "5.9.4"
        }
      }
    ]
  },
  "version": 1
}
