PODS:
  - CleverTap-iOS-SDK (3.1.4):
    - CleverTap-iOS-SDK/Main (= 3.1.4)
  - CleverTap-iOS-SDK/Main (3.1.4)

DEPENDENCIES:
  - CleverTap-iOS-SDK

SPEC CHECKSUMS:
  CleverTap-iOS-SDK: 2678a19ea6a610f75427b2bc8f9cea1e8cf8c61d

PODFILE CHECKSUM: a0638c6329f087f1864075c66e3de07e99e9e51a

COCOAPODS: 1.2.1
